{
  "nodes": {
    "flatpaks": {
      "locked": {
        "lastModified": 1728416205,
        "narHash": "sha256-t30gsrwiBc2oBsd89DwdsVZuEbMT5ed81PYY57CIOJE=",
        "owner": "gmodena",
        "repo": "nix-flatpak",
        "rev": "d65dbf59900de4beaaaba8b42a15994f8433c1bc",
        "type": "github"
      },
      "original": {
        "owner": "gmodena",
        "repo": "nix-flatpak",
        "type": "github"
      }
    },
    "nixpkgs": {
      "locked": {
        "lastModified": 1728328465,
        "narHash": "sha256-a0a0M1TmXMK34y3M0cugsmpJ4FJPT/xsblhpiiX1CXo=",
        "owner": "NixOS",
        "repo": "nixpkgs",
        "rev": "1bfbbbe5bbf888d675397c66bfdb275d0b99361c",
        "type": "github"
      },
      "original": {
        "owner": "NixOS",
        "ref": "nixos-24.05",
        "repo": "nixpkgs",
        "type": "github"
      }
    },
    "root": {
      "inputs": {
        "flatpaks": "flatpaks",
        "nixpkgs": "nixpkgs"
      }
    }
  },
  "root": "root",
  "version": 7
}
